// !$*UTF8*$!
{
	archiveVersion = 1;
	classes = {
	};
	objectVersion = 46;
	objects = {

/* Begin PBXBuildFile section */
		2D1A71191B0FDC8B00DBEA88 /* CoreData.framework in Frameworks */ = {isa = PBXBuildFile; fileRef = 2D1A71181B0FDC8B00DBEA88 /* CoreData.framework */; };
		2D1A711C1B0FDCE400DBEA88 /* DataModel.xcdatamodeld in Sources */ = {isa = PBXBuildFile; fileRef = 2D1A711A1B0FDCE400DBEA88 /* DataModel.xcdatamodeld */; };
		2D1A711F1B0FE2C600DBEA88 /* Location.m in Sources */ = {isa = PBXBuildFile; fileRef = 2D1A711E1B0FE2C600DBEA88 /* Location.m */; };
		2D1A71221B107F6900DBEA88 /* LocationsViewController.m in Sources */ = {isa = PBXBuildFile; fileRef = 2D1A71211B107F6900DBEA88 /* LocationsViewController.m */; };
		2D1A71251B10989500DBEA88 /* LocationCell.m in Sources */ = {isa = PBXBuildFile; fileRef = 2D1A71241B10989500DBEA88 /* LocationCell.m */; };
		2DD8493D1B0EC0CB00F54EA2 /* CategoryPickerViewController.m in Sources */ = {isa = PBXBuildFile; fileRef = 2DD8493C1B0EC0CB00F54EA2 /* CategoryPickerViewController.m */; };
		2DD849401B0F1B9900F54EA2 /* HudView.m in Sources */ = {isa = PBXBuildFile; fileRef = 2DD8493F1B0F1B9900F54EA2 /* HudView.m */; };
		2DDA20621B11689A000D62E5 /* MapKit.framework in Frameworks */ = {isa = PBXBuildFile; fileRef = 2DDA20611B11689A000D62E5 /* MapKit.framework */; };
		2DDA20651B1169F6000D62E5 /* MapViewController.m in Sources */ = {isa = PBXBuildFile; fileRef = 2DDA20641B1169F6000D62E5 /* MapViewController.m */; };
		2DDAC5F71B0CA7A700F220F1 /* main.m in Sources */ = {isa = PBXBuildFile; fileRef = 2DDAC5F61B0CA7A700F220F1 /* main.m */; };
		2DDAC5FA1B0CA7A700F220F1 /* AppDelegate.m in Sources */ = {isa = PBXBuildFile; fileRef = 2DDAC5F91B0CA7A700F220F1 /* AppDelegate.m */; };
		2DDAC5FD1B0CA7A700F220F1 /* CurrentLocationViewController.m in Sources */ = {isa = PBXBuildFile; fileRef = 2DDAC5FC1B0CA7A700F220F1 /* CurrentLocationViewController.m */; };
		2DDAC6031B0CA7A700F220F1 /* Main.storyboard in Resources */ = {isa = PBXBuildFile; fileRef = 2DDAC6011B0CA7A700F220F1 /* Main.storyboard */; };
		2DDAC6051B0CA7A700F220F1 /* Images.xcassets in Resources */ = {isa = PBXBuildFile; fileRef = 2DDAC6041B0CA7A700F220F1 /* Images.xcassets */; };
		2DDAC6081B0CA7A700F220F1 /* LaunchScreen.xib in Resources */ = {isa = PBXBuildFile; fileRef = 2DDAC6061B0CA7A700F220F1 /* LaunchScreen.xib */; };
		2DDAC6141B0CA7A700F220F1 /* LocationsTests.m in Sources */ = {isa = PBXBuildFile; fileRef = 2DDAC6131B0CA7A700F220F1 /* LocationsTests.m */; };
		2DDC66EA1B0D307A00168CF6 /* CoreLocation.framework in Frameworks */ = {isa = PBXBuildFile; fileRef = 2DDC66E91B0D307A00168CF6 /* CoreLocation.framework */; };
		2DDC66ED1B0DDDE400168CF6 /* LocationDetailsViewController.m in Sources */ = {isa = PBXBuildFile; fileRef = 2DDC66EC1B0DDDE400168CF6 /* LocationDetailsViewController.m */; };
		2DDD6EC61B13248D00A68E0B /* UIImage+Resize.m in Sources */ = {isa = PBXBuildFile; fileRef = 2DDD6EC51B13248D00A68E0B /* UIImage+Resize.m */; };
		2DDD6EC91B135A4B00A68E0B /* NSMutableString+AddText.m in Sources */ = {isa = PBXBuildFile; fileRef = 2DDD6EC81B135A4B00A68E0B /* NSMutableString+AddText.m */; };
		2DDD6ECC1B13EBBA00A68E0B /* MyTabBarController.m in Sources */ = {isa = PBXBuildFile; fileRef = 2DDD6ECB1B13EBBA00A68E0B /* MyTabBarController.m */; };
		2DDD6ECF1B13ED4500A68E0B /* MyNavigationController.m in Sources */ = {isa = PBXBuildFile; fileRef = 2DDD6ECE1B13ED4500A68E0B /* MyNavigationController.m */; };
		2DDD6ED11B1458DE00A68E0B /* AudioToolbox.framework in Frameworks */ = {isa = PBXBuildFile; fileRef = 2DDD6ED01B1458DE00A68E0B /* AudioToolbox.framework */; };
		2DDD6ED41B145A0700A68E0B /* Sound.caf in Resources */ = {isa = PBXBuildFile; fileRef = 2DDD6ED31B145A0700A68E0B /* Sound.caf */; };
/* End PBXBuildFile section */

/* Begin PBXContainerItemProxy section */
		2DDAC60E1B0CA7A700F220F1 /* PBXContainerItemProxy */ = {
			isa = PBXContainerItemProxy;
			containerPortal = 2DDAC5E91B0CA7A700F220F1 /* Project object */;
			proxyType = 1;
			remoteGlobalIDString = 2DDAC5F01B0CA7A700F220F1;
			remoteInfo = Locations;
		};
/* End PBXContainerItemProxy section */

/* Begin PBXFileReference section */
		2D1A71181B0FDC8B00DBEA88 /* CoreData.framework */ = {isa = PBXFileReference; lastKnownFileType = wrapper.framework; name = CoreData.framework; path = System/Library/Frameworks/CoreData.framework; sourceTree = SDKROOT; };
		2D1A711B1B0FDCE400DBEA88 /* DataModel.xcdatamodel */ = {isa = PBXFileReference; lastKnownFileType = wrapper.xcdatamodel; path = DataModel.xcdatamodel; sourceTree = "<group>"; };
		2D1A711D1B0FE2C600DBEA88 /* Location.h */ = {isa = PBXFileReference; fileEncoding = 4; lastKnownFileType = sourcecode.c.h; path = Location.h; sourceTree = "<group>"; };
		2D1A711E1B0FE2C600DBEA88 /* Location.m */ = {isa = PBXFileReference; fileEncoding = 4; lastKnownFileType = sourcecode.c.objc; path = Location.m; sourceTree = "<group>"; };
		2D1A71201B107F6900DBEA88 /* LocationsViewController.h */ = {isa = PBXFileReference; fileEncoding = 4; lastKnownFileType = sourcecode.c.h; path = LocationsViewController.h; sourceTree = "<group>"; };
		2D1A71211B107F6900DBEA88 /* LocationsViewController.m */ = {isa = PBXFileReference; fileEncoding = 4; lastKnownFileType = sourcecode.c.objc; path = LocationsViewController.m; sourceTree = "<group>"; };
		2D1A71231B10989500DBEA88 /* LocationCell.h */ = {isa = PBXFileReference; fileEncoding = 4; lastKnownFileType = sourcecode.c.h; path = LocationCell.h; sourceTree = "<group>"; };
		2D1A71241B10989500DBEA88 /* LocationCell.m */ = {isa = PBXFileReference; fileEncoding = 4; lastKnownFileType = sourcecode.c.objc; path = LocationCell.m; sourceTree = "<group>"; };
		2DD8493B1B0EC0CB00F54EA2 /* CategoryPickerViewController.h */ = {isa = PBXFileReference; fileEncoding = 4; lastKnownFileType = sourcecode.c.h; path = CategoryPickerViewController.h; sourceTree = "<group>"; };
		2DD8493C1B0EC0CB00F54EA2 /* CategoryPickerViewController.m */ = {isa = PBXFileReference; fileEncoding = 4; lastKnownFileType = sourcecode.c.objc; path = CategoryPickerViewController.m; sourceTree = "<group>"; };
		2DD8493E1B0F1B9900F54EA2 /* HudView.h */ = {isa = PBXFileReference; fileEncoding = 4; lastKnownFileType = sourcecode.c.h; path = HudView.h; sourceTree = "<group>"; };
		2DD8493F1B0F1B9900F54EA2 /* HudView.m */ = {isa = PBXFileReference; fileEncoding = 4; lastKnownFileType = sourcecode.c.objc; path = HudView.m; sourceTree = "<group>"; };
		2DDA20611B11689A000D62E5 /* MapKit.framework */ = {isa = PBXFileReference; lastKnownFileType = wrapper.framework; name = MapKit.framework; path = System/Library/Frameworks/MapKit.framework; sourceTree = SDKROOT; };
		2DDA20631B1169F6000D62E5 /* MapViewController.h */ = {isa = PBXFileReference; fileEncoding = 4; lastKnownFileType = sourcecode.c.h; path = MapViewController.h; sourceTree = "<group>"; };
		2DDA20641B1169F6000D62E5 /* MapViewController.m */ = {isa = PBXFileReference; fileEncoding = 4; lastKnownFileType = sourcecode.c.objc; path = MapViewController.m; sourceTree = "<group>"; };
		2DDAC5F11B0CA7A700F220F1 /* Locations.app */ = {isa = PBXFileReference; explicitFileType = wrapper.application; includeInIndex = 0; path = Locations.app; sourceTree = BUILT_PRODUCTS_DIR; };
		2DDAC5F51B0CA7A700F220F1 /* Info.plist */ = {isa = PBXFileReference; lastKnownFileType = text.plist.xml; path = Info.plist; sourceTree = "<group>"; };
		2DDAC5F61B0CA7A700F220F1 /* main.m */ = {isa = PBXFileReference; lastKnownFileType = sourcecode.c.objc; path = main.m; sourceTree = "<group>"; };
		2DDAC5F81B0CA7A700F220F1 /* AppDelegate.h */ = {isa = PBXFileReference; lastKnownFileType = sourcecode.c.h; path = AppDelegate.h; sourceTree = "<group>"; };
		2DDAC5F91B0CA7A700F220F1 /* AppDelegate.m */ = {isa = PBXFileReference; lastKnownFileType = sourcecode.c.objc; path = AppDelegate.m; sourceTree = "<group>"; };
		2DDAC5FB1B0CA7A700F220F1 /* CurrentLocationViewController.h */ = {isa = PBXFileReference; lastKnownFileType = sourcecode.c.h; path = CurrentLocationViewController.h; sourceTree = "<group>"; };
		2DDAC5FC1B0CA7A700F220F1 /* CurrentLocationViewController.m */ = {isa = PBXFileReference; lastKnownFileType = sourcecode.c.objc; path = CurrentLocationViewController.m; sourceTree = "<group>"; };
		2DDAC6021B0CA7A700F220F1 /* Base */ = {isa = PBXFileReference; lastKnownFileType = file.storyboard; name = Base; path = Base.lproj/Main.storyboard; sourceTree = "<group>"; };
		2DDAC6041B0CA7A700F220F1 /* Images.xcassets */ = {isa = PBXFileReference; lastKnownFileType = folder.assetcatalog; path = Images.xcassets; sourceTree = "<group>"; };
		2DDAC6071B0CA7A700F220F1 /* Base */ = {isa = PBXFileReference; lastKnownFileType = file.xib; name = Base; path = Base.lproj/LaunchScreen.xib; sourceTree = "<group>"; };
		2DDAC60D1B0CA7A700F220F1 /* LocationsTests.xctest */ = {isa = PBXFileReference; explicitFileType = wrapper.cfbundle; includeInIndex = 0; path = LocationsTests.xctest; sourceTree = BUILT_PRODUCTS_DIR; };
		2DDAC6121B0CA7A700F220F1 /* Info.plist */ = {isa = PBXFileReference; lastKnownFileType = text.plist.xml; path = Info.plist; sourceTree = "<group>"; };
		2DDAC6131B0CA7A700F220F1 /* LocationsTests.m */ = {isa = PBXFileReference; lastKnownFileType = sourcecode.c.objc; path = LocationsTests.m; sourceTree = "<group>"; };
		2DDC66E91B0D307A00168CF6 /* CoreLocation.framework */ = {isa = PBXFileReference; lastKnownFileType = wrapper.framework; name = CoreLocation.framework; path = System/Library/Frameworks/CoreLocation.framework; sourceTree = SDKROOT; };
		2DDC66EB1B0DDDE400168CF6 /* LocationDetailsViewController.h */ = {isa = PBXFileReference; fileEncoding = 4; lastKnownFileType = sourcecode.c.h; path = LocationDetailsViewController.h; sourceTree = "<group>"; };
		2DDC66EC1B0DDDE400168CF6 /* LocationDetailsViewController.m */ = {isa = PBXFileReference; fileEncoding = 4; lastKnownFileType = sourcecode.c.objc; path = LocationDetailsViewController.m; sourceTree = "<group>"; };
		2DDC66EF1B0E1B5700168CF6 /* PrefixHeader.pch */ = {isa = PBXFileReference; fileEncoding = 4; lastKnownFileType = sourcecode.c.h; path = PrefixHeader.pch; sourceTree = "<group>"; };
		2DDD6EC41B13248D00A68E0B /* UIImage+Resize.h */ = {isa = PBXFileReference; fileEncoding = 4; lastKnownFileType = sourcecode.c.h; path = "UIImage+Resize.h"; sourceTree = "<group>"; };
		2DDD6EC51B13248D00A68E0B /* UIImage+Resize.m */ = {isa = PBXFileReference; fileEncoding = 4; lastKnownFileType = sourcecode.c.objc; path = "UIImage+Resize.m"; sourceTree = "<group>"; };
		2DDD6EC71B135A4B00A68E0B /* NSMutableString+AddText.h */ = {isa = PBXFileReference; fileEncoding = 4; lastKnownFileType = sourcecode.c.h; path = "NSMutableString+AddText.h"; sourceTree = "<group>"; };
		2DDD6EC81B135A4B00A68E0B /* NSMutableString+AddText.m */ = {isa = PBXFileReference; fileEncoding = 4; lastKnownFileType = sourcecode.c.objc; path = "NSMutableString+AddText.m"; sourceTree = "<group>"; };
		2DDD6ECA1B13EBBA00A68E0B /* MyTabBarController.h */ = {isa = PBXFileReference; fileEncoding = 4; lastKnownFileType = sourcecode.c.h; path = MyTabBarController.h; sourceTree = "<group>"; };
		2DDD6ECB1B13EBBA00A68E0B /* MyTabBarController.m */ = {isa = PBXFileReference; fileEncoding = 4; lastKnownFileType = sourcecode.c.objc; path = MyTabBarController.m; sourceTree = "<group>"; };
		2DDD6ECD1B13ED4500A68E0B /* MyNavigationController.h */ = {isa = PBXFileReference; fileEncoding = 4; lastKnownFileType = sourcecode.c.h; path = MyNavigationController.h; sourceTree = "<group>"; };
		2DDD6ECE1B13ED4500A68E0B /* MyNavigationController.m */ = {isa = PBXFileReference; fileEncoding = 4; lastKnownFileType = sourcecode.c.objc; path = MyNavigationController.m; sourceTree = "<group>"; };
		2DDD6ED01B1458DE00A68E0B /* AudioToolbox.framework */ = {isa = PBXFileReference; lastKnownFileType = wrapper.framework; name = AudioToolbox.framework; path = System/Library/Frameworks/AudioToolbox.framework; sourceTree = SDKROOT; };
		2DDD6ED31B145A0700A68E0B /* Sound.caf */ = {isa = PBXFileReference; lastKnownFileType = file; path = Sound.caf; sourceTree = "<group>"; };
/* End PBXFileReference section */

/* Begin PBXFrameworksBuildPhase section */
		2DDAC5EE1B0CA7A700F220F1 /* Frameworks */ = {
			isa = PBXFrameworksBuildPhase;
			buildActionMask = 2147483647;
			files = (
				2DDD6ED11B1458DE00A68E0B /* AudioToolbox.framework in Frameworks */,
				2DDA20621B11689A000D62E5 /* MapKit.framework in Frameworks */,
				2D1A71191B0FDC8B00DBEA88 /* CoreData.framework in Frameworks */,
				2DDC66EA1B0D307A00168CF6 /* CoreLocation.framework in Frameworks */,
			);
			runOnlyForDeploymentPostprocessing = 0;
		};
		2DDAC60A1B0CA7A700F220F1 /* Frameworks */ = {
			isa = PBXFrameworksBuildPhase;
			buildActionMask = 2147483647;
			files = (
			);
			runOnlyForDeploymentPostprocessing = 0;
		};
/* End PBXFrameworksBuildPhase section */

/* Begin PBXGroup section */
		2DDAC5E81B0CA7A700F220F1 = {
			isa = PBXGroup;
			children = (
				2DDD6ED01B1458DE00A68E0B /* AudioToolbox.framework */,
				2DDA20611B11689A000D62E5 /* MapKit.framework */,
				2D1A71181B0FDC8B00DBEA88 /* CoreData.framework */,
				2DDC66E91B0D307A00168CF6 /* CoreLocation.framework */,
				2DDAC5F31B0CA7A700F220F1 /* Locations */,
				2DDAC6101B0CA7A700F220F1 /* LocationsTests */,
				2DDAC5F21B0CA7A700F220F1 /* Products */,
			);
			sourceTree = "<group>";
		};
		2DDAC5F21B0CA7A700F220F1 /* Products */ = {
			isa = PBXGroup;
			children = (
				2DDAC5F11B0CA7A700F220F1 /* Locations.app */,
				2DDAC60D1B0CA7A700F220F1 /* LocationsTests.xctest */,
			);
			name = Products;
			sourceTree = "<group>";
		};
		2DDAC5F31B0CA7A700F220F1 /* Locations */ = {
			isa = PBXGroup;
			children = (
				2DDD6ED21B145A0700A68E0B /* Sound */,
				2DDAC5F81B0CA7A700F220F1 /* AppDelegate.h */,
				2DDAC5F91B0CA7A700F220F1 /* AppDelegate.m */,
				2DDAC5FB1B0CA7A700F220F1 /* CurrentLocationViewController.h */,
				2DDAC5FC1B0CA7A700F220F1 /* CurrentLocationViewController.m */,
				2DDAC6011B0CA7A700F220F1 /* Main.storyboard */,
				2DDAC6041B0CA7A700F220F1 /* Images.xcassets */,
				2DDAC6061B0CA7A700F220F1 /* LaunchScreen.xib */,
				2DDAC5F41B0CA7A700F220F1 /* Supporting Files */,
				2DDC66EB1B0DDDE400168CF6 /* LocationDetailsViewController.h */,
				2DDC66EC1B0DDDE400168CF6 /* LocationDetailsViewController.m */,
				2DD8493B1B0EC0CB00F54EA2 /* CategoryPickerViewController.h */,
				2DD8493C1B0EC0CB00F54EA2 /* CategoryPickerViewController.m */,
				2DD8493E1B0F1B9900F54EA2 /* HudView.h */,
				2DD8493F1B0F1B9900F54EA2 /* HudView.m */,
				2D1A711A1B0FDCE400DBEA88 /* DataModel.xcdatamodeld */,
				2D1A711D1B0FE2C600DBEA88 /* Location.h */,
				2D1A711E1B0FE2C600DBEA88 /* Location.m */,
				2D1A71201B107F6900DBEA88 /* LocationsViewController.h */,
				2D1A71211B107F6900DBEA88 /* LocationsViewController.m */,
				2D1A71231B10989500DBEA88 /* LocationCell.h */,
				2D1A71241B10989500DBEA88 /* LocationCell.m */,
				2DDA20631B1169F6000D62E5 /* MapViewController.h */,
				2DDA20641B1169F6000D62E5 /* MapViewController.m */,
				2DDD6EC41B13248D00A68E0B /* UIImage+Resize.h */,
				2DDD6EC51B13248D00A68E0B /* UIImage+Resize.m */,
				2DDD6EC71B135A4B00A68E0B /* NSMutableString+AddText.h */,
				2DDD6EC81B135A4B00A68E0B /* NSMutableString+AddText.m */,
				2DDD6ECA1B13EBBA00A68E0B /* MyTabBarController.h */,
				2DDD6ECB1B13EBBA00A68E0B /* MyTabBarController.m */,
				2DDD6ECD1B13ED4500A68E0B /* MyNavigationController.h */,
				2DDD6ECE1B13ED4500A68E0B /* MyNavigationController.m */,
			);
			path = Locations;
			sourceTree = "<group>";
		};
		2DDAC5F41B0CA7A700F220F1 /* Supporting Files */ = {
			isa = PBXGroup;
			children = (
				2DDAC5F51B0CA7A700F220F1 /* Info.plist */,
				2DDAC5F61B0CA7A700F220F1 /* main.m */,
				2DDC66EF1B0E1B5700168CF6 /* PrefixHeader.pch */,
			);
			name = "Supporting Files";
			sourceTree = "<group>";
		};
		2DDAC6101B0CA7A700F220F1 /* LocationsTests */ = {
			isa = PBXGroup;
			children = (
				2DDAC6131B0CA7A700F220F1 /* LocationsTests.m */,
				2DDAC6111B0CA7A700F220F1 /* Supporting Files */,
			);
			path = LocationsTests;
			sourceTree = "<group>";
		};
		2DDAC6111B0CA7A700F220F1 /* Supporting Files */ = {
			isa = PBXGroup;
			children = (
				2DDAC6121B0CA7A700F220F1 /* Info.plist */,
			);
			name = "Supporting Files";
			sourceTree = "<group>";
		};
		2DDD6ED21B145A0700A68E0B /* Sound */ = {
			isa = PBXGroup;
			children = (
				2DDD6ED31B145A0700A68E0B /* Sound.caf */,
			);
			path = Sound;
			sourceTree = "<group>";
		};
/* End PBXGroup section */

/* Begin PBXNativeTarget section */
		2DDAC5F01B0CA7A700F220F1 /* Locations */ = {
			isa = PBXNativeTarget;
			buildConfigurationList = 2DDAC6171B0CA7A700F220F1 /* Build configuration list for PBXNativeTarget "Locations" */;
			buildPhases = (
				2DDAC5ED1B0CA7A700F220F1 /* Sources */,
				2DDAC5EE1B0CA7A700F220F1 /* Frameworks */,
				2DDAC5EF1B0CA7A700F220F1 /* Resources */,
			);
			buildRules = (
			);
			dependencies = (
			);
			name = Locations;
			productName = Locations;
			productReference = 2DDAC5F11B0CA7A700F220F1 /* Locations.app */;
			productType = "com.apple.product-type.application";
		};
		2DDAC60C1B0CA7A700F220F1 /* LocationsTests */ = {
			isa = PBXNativeTarget;
			buildConfigurationList = 2DDAC61A1B0CA7A700F220F1 /* Build configuration list for PBXNativeTarget "LocationsTests" */;
			buildPhases = (
				2DDAC6091B0CA7A700F220F1 /* Sources */,
				2DDAC60A1B0CA7A700F220F1 /* Frameworks */,
				2DDAC60B1B0CA7A700F220F1 /* Resources */,
			);
			buildRules = (
			);
			dependencies = (
				2DDAC60F1B0CA7A700F220F1 /* PBXTargetDependency */,
			);
			name = LocationsTests;
			productName = LocationsTests;
			productReference = 2DDAC60D1B0CA7A700F220F1 /* LocationsTests.xctest */;
			productType = "com.apple.product-type.bundle.unit-test";
		};
/* End PBXNativeTarget section */

/* Begin PBXProject section */
		2DDAC5E91B0CA7A700F220F1 /* Project object */ = {
			isa = PBXProject;
			attributes = {
				LastUpgradeCheck = 0630;
				ORGANIZATIONNAME = "陈旭";
				TargetAttributes = {
					2DDAC5F01B0CA7A700F220F1 = {
						CreatedOnToolsVersion = 6.3.1;
					};
					2DDAC60C1B0CA7A700F220F1 = {
						CreatedOnToolsVersion = 6.3.1;
						TestTargetID = 2DDAC5F01B0CA7A700F220F1;
					};
				};
			};
			buildConfigurationList = 2DDAC5EC1B0CA7A700F220F1 /* Build configuration list for PBXProject "Locations" */;
			compatibilityVersion = "Xcode 3.2";
			developmentRegion = English;
			hasScannedForEncodings = 0;
			knownRegions = (
				en,
				Base,
			);
			mainGroup = 2DDAC5E81B0CA7A700F220F1;
			productRefGroup = 2DDAC5F21B0CA7A700F220F1 /* Products */;
			projectDirPath = "";
			projectRoot = "";
			targets = (
				2DDAC5F01B0CA7A700F220F1 /* Locations */,
				2DDAC60C1B0CA7A700F220F1 /* LocationsTests */,
			);
		};
/* End PBXProject section */

/* Begin PBXResourcesBuildPhase section */
		2DDAC5EF1B0CA7A700F220F1 /* Resources */ = {
			isa = PBXResourcesBuildPhase;
			buildActionMask = 2147483647;
			files = (
				2DDAC6031B0CA7A700F220F1 /* Main.storyboard in Resources */,
				2DDAC6081B0CA7A700F220F1 /* LaunchScreen.xib in Resources */,
				2DDD6ED41B145A0700A68E0B /* Sound.caf in Resources */,
				2DDAC6051B0CA7A700F220F1 /* Images.xcassets in Resources */,
			);
			runOnlyForDeploymentPostprocessing = 0;
		};
		2DDAC60B1B0CA7A700F220F1 /* Resources */ = {
			isa = PBXResourcesBuildPhase;
			buildActionMask = 2147483647;
			files = (
			);
			runOnlyForDeploymentPostprocessing = 0;
		};
/* End PBXResourcesBuildPhase section */

/* Begin PBXSourcesBuildPhase section */
		2DDAC5ED1B0CA7A700F220F1 /* Sources */ = {
			isa = PBXSourcesBuildPhase;
			buildActionMask = 2147483647;
			files = (
				2D1A711C1B0FDCE400DBEA88 /* DataModel.xcdatamodeld in Sources */,
				2DDAC5FA1B0CA7A700F220F1 /* AppDelegate.m in Sources */,
				2DDA20651B1169F6000D62E5 /* MapViewController.m in Sources */,
				2DDAC5FD1B0CA7A700F220F1 /* CurrentLocationViewController.m in Sources */,
				2DDD6EC91B135A4B00A68E0B /* NSMutableString+AddText.m in Sources */,
				2DDD6ECC1B13EBBA00A68E0B /* MyTabBarController.m in Sources */,
				2D1A711F1B0FE2C600DBEA88 /* Location.m in Sources */,
				2DDAC5F71B0CA7A700F220F1 /* main.m in Sources */,
				2DD849401B0F1B9900F54EA2 /* HudView.m in Sources */,
				2DDD6ECF1B13ED4500A68E0B /* MyNavigationController.m in Sources */,
				2D1A71221B107F6900DBEA88 /* LocationsViewController.m in Sources */,
				2DD8493D1B0EC0CB00F54EA2 /* CategoryPickerViewController.m in Sources */,
				2DDD6EC61B13248D00A68E0B /* UIImage+Resize.m in Sources */,
				2D1A71251B10989500DBEA88 /* LocationCell.m in Sources */,
				2DDC66ED1B0DDDE400168CF6 /* LocationDetailsViewController.m in Sources */,
			);
			runOnlyForDeploymentPostprocessing = 0;
		};
		2DDAC6091B0CA7A700F220F1 /* Sources */ = {
			isa = PBXSourcesBuildPhase;
			buildActionMask = 2147483647;
			files = (
				2DDAC6141B0CA7A700F220F1 /* LocationsTests.m in Sources */,
			);
			runOnlyForDeploymentPostprocessing = 0;
		};
/* End PBXSourcesBuildPhase section */

/* Begin PBXTargetDependency section */
		2DDAC60F1B0CA7A700F220F1 /* PBXTargetDependency */ = {
			isa = PBXTargetDependency;
			target = 2DDAC5F01B0CA7A700F220F1 /* Locations */;
			targetProxy = 2DDAC60E1B0CA7A700F220F1 /* PBXContainerItemProxy */;
		};
/* End PBXTargetDependency section */

/* Begin PBXVariantGroup section */
		2DDAC6011B0CA7A700F220F1 /* Main.storyboard */ = {
			isa = PBXVariantGroup;
			children = (
				2DDAC6021B0CA7A700F220F1 /* Base */,
			);
			name = Main.storyboard;
			sourceTree = "<group>";
		};
		2DDAC6061B0CA7A700F220F1 /* LaunchScreen.xib */ = {
			isa = PBXVariantGroup;
			children = (
				2DDAC6071B0CA7A700F220F1 /* Base */,
			);
			name = LaunchScreen.xib;
			sourceTree = "<group>";
		};
/* End PBXVariantGroup section */

/* Begin XCBuildConfiguration section */
		2DDAC6151B0CA7A700F220F1 /* Debug */ = {
			isa = XCBuildConfiguration;
			buildSettings = {
				ALWAYS_SEARCH_USER_PATHS = NO;
				CLANG_CXX_LANGUAGE_STANDARD = "gnu++0x";
				CLANG_CXX_LIBRARY = "libc++";
				CLANG_ENABLE_MODULES = YES;
				CLANG_ENABLE_OBJC_ARC = YES;
				CLANG_WARN_BOOL_CONVERSION = YES;
				CLANG_WARN_CONSTANT_CONVERSION = YES;
				CLANG_WARN_DIRECT_OBJC_ISA_USAGE = YES_ERROR;
				CLANG_WARN_EMPTY_BODY = YES;
				CLANG_WARN_ENUM_CONVERSION = YES;
				CLANG_WARN_INT_CONVERSION = YES;
				CLANG_WARN_OBJC_ROOT_CLASS = YES_ERROR;
				CLANG_WARN_UNREACHABLE_CODE = YES;
				CLANG_WARN__DUPLICATE_METHOD_MATCH = YES;
				"CODE_SIGN_IDENTITY[sdk=iphoneos*]" = "iPhone Developer";
				COPY_PHASE_STRIP = NO;
				DEBUG_INFORMATION_FORMAT = "dwarf-with-dsym";
				ENABLE_STRICT_OBJC_MSGSEND = YES;
				GCC_C_LANGUAGE_STANDARD = gnu99;
				GCC_DYNAMIC_NO_PIC = NO;
				GCC_NO_COMMON_BLOCKS = YES;
				GCC_OPTIMIZATION_LEVEL = 0;
				GCC_PREPROCESSOR_DEFINITIONS = (
					"DEBUG=1",
					"$(inherited)",
				);
				GCC_SYMBOLS_PRIVATE_EXTERN = NO;
				GCC_WARN_64_TO_32_BIT_CONVERSION = YES;
				GCC_WARN_ABOUT_RETURN_TYPE = YES_ERROR;
				GCC_WARN_UNDECLARED_SELECTOR = YES;
				GCC_WARN_UNINITIALIZED_AUTOS = YES_AGGRESSIVE;
				GCC_WARN_UNUSED_FUNCTION = YES;
				GCC_WARN_UNUSED_VARIABLE = YES;
				IPHONEOS_DEPLOYMENT_TARGET = 8.3;
				MTL_ENABLE_DEBUG_INFO = YES;
				ONLY_ACTIVE_ARCH = YES;
				SDKROOT = iphoneos;
			};
			name = Debug;
		};
		2DDAC6161B0CA7A700F220F1 /* Release */ = {
			isa = XCBuildConfiguration;
			buildSettings = {
				ALWAYS_SEARCH_USER_PATHS = NO;
				CLANG_CXX_LANGUAGE_STANDARD = "gnu++0x";
				CLANG_CXX_LIBRARY = "libc++";
				CLANG_ENABLE_MODULES = YES;
				CLANG_ENABLE_OBJC_ARC = YES;
				CLANG_WARN_BOOL_CONVERSION = YES;
				CLANG_WARN_CONSTANT_CONVERSION = YES;
				CLANG_WARN_DIRECT_OBJC_ISA_USAGE = YES_ERROR;
				CLANG_WARN_EMPTY_BODY = YES;
				CLANG_WARN_ENUM_CONVERSION = YES;
				CLANG_WARN_INT_CONVERSION = YES;
				CLANG_WARN_OBJC_ROOT_CLASS = YES_ERROR;
				CLANG_WARN_UNREACHABLE_CODE = YES;
				CLANG_WARN__DUPLICATE_METHOD_MATCH = YES;
				"CODE_SIGN_IDENTITY[sdk=iphoneos*]" = "iPhone Developer";
				COPY_PHASE_STRIP = NO;
				DEBUG_INFORMATION_FORMAT = "dwarf-with-dsym";
				ENABLE_NS_ASSERTIONS = NO;
				ENABLE_STRICT_OBJC_MSGSEND = YES;
				GCC_C_LANGUAGE_STANDARD = gnu99;
				GCC_NO_COMMON_BLOCKS = YES;
				GCC_WARN_64_TO_32_BIT_CONVERSION = YES;
				GCC_WARN_ABOUT_RETURN_TYPE = YES_ERROR;
				GCC_WARN_UNDECLARED_SELECTOR = YES;
				GCC_WARN_UNINITIALIZED_AUTOS = YES_AGGRESSIVE;
				GCC_WARN_UNUSED_FUNCTION = YES;
				GCC_WARN_UNUSED_VARIABLE = YES;
				IPHONEOS_DEPLOYMENT_TARGET = 8.3;
				MTL_ENABLE_DEBUG_INFO = NO;
				SDKROOT = iphoneos;
				VALIDATE_PRODUCT = YES;
			};
			name = Release;
		};
		2DDAC6181B0CA7A700F220F1 /* Debug */ = {
			isa = XCBuildConfiguration;
			buildSettings = {
				ASSETCATALOG_COMPILER_APPICON_NAME = AppIcon;
				GCC_PRECOMPILE_PREFIX_HEADER = YES;
				GCC_PREFIX_HEADER = "$(SRCROOT)/Locations/PrefixHeader.pch";
				INFOPLIST_FILE = Locations/Info.plist;
				LD_RUNPATH_SEARCH_PATHS = "$(inherited) @executable_path/Frameworks";
				PRODUCT_NAME = "$(TARGET_NAME)";
			};
			name = Debug;
		};
		2DDAC6191B0CA7A700F220F1 /* Release */ = {
			isa = XCBuildConfiguration;
			buildSettings = {
				ASSETCATALOG_COMPILER_APPICON_NAME = AppIcon;
				GCC_PRECOMPILE_PREFIX_HEADER = YES;
				GCC_PREFIX_HEADER = "$(SRCROOT)/Locations/PrefixHeader.pch";
				INFOPLIST_FILE = Locations/Info.plist;
				LD_RUNPATH_SEARCH_PATHS = "$(inherited) @executable_path/Frameworks";
				PRODUCT_NAME = "$(TARGET_NAME)";
			};
			name = Release;
		};
		2DDAC61B1B0CA7A700F220F1 /* Debug */ = {
			isa = XCBuildConfiguration;
			buildSettings = {
				BUNDLE_LOADER = "$(TEST_HOST)";
				FRAMEWORK_SEARCH_PATHS = (
					"$(SDKROOT)/Developer/Library/Frameworks",
					"$(inherited)",
				);
				GCC_PREPROCESSOR_DEFINITIONS = (
					"DEBUG=1",
					"$(inherited)",
				);
				INFOPLIST_FILE = LocationsTests/Info.plist;
				LD_RUNPATH_SEARCH_PATHS = "$(inherited) @executable_path/Frameworks @loader_path/Frameworks";
				PRODUCT_NAME = "$(TARGET_NAME)";
				TEST_HOST = "$(BUILT_PRODUCTS_DIR)/Locations.app/Locations";
			};
			name = Debug;
		};
		2DDAC61C1B0CA7A700F220F1 /* Release */ = {
			isa = XCBuildConfiguration;
			buildSettings = {
				BUNDLE_LOADER = "$(TEST_HOST)";
				FRAMEWORK_SEARCH_PATHS = (
					"$(SDKROOT)/Developer/Library/Frameworks",
					"$(inherited)",
				);
				INFOPLIST_FILE = LocationsTests/Info.plist;
				LD_RUNPATH_SEARCH_PATHS = "$(inherited) @executable_path/Frameworks @loader_path/Frameworks";
				PRODUCT_NAME = "$(TARGET_NAME)";
				TEST_HOST = "$(BUILT_PRODUCTS_DIR)/Locations.app/Locations";
			};
			name = Release;
		};
/* End XCBuildConfiguration section */

/* Begin XCConfigurationList section */
		2DDAC5EC1B0CA7A700F220F1 /* Build configuration list for PBXProject "Locations" */ = {
			isa = XCConfigurationList;
			buildConfigurations = (
				2DDAC6151B0CA7A700F220F1 /* Debug */,
				2DDAC6161B0CA7A700F220F1 /* Release */,
			);
			defaultConfigurationIsVisible = 0;
			defaultConfigurationName = Release;
		};
		2DDAC6171B0CA7A700F220F1 /* Build configuration list for PBXNativeTarget "Locations" */ = {
			isa = XCConfigurationList;
			buildConfigurations = (
				2DDAC6181B0CA7A700F220F1 /* Debug */,
				2DDAC6191B0CA7A700F220F1 /* Release */,
			);
			defaultConfigurationIsVisible = 0;
			defaultConfigurationName = Release;
		};
		2DDAC61A1B0CA7A700F220F1 /* Build configuration list for PBXNativeTarget "LocationsTests" */ = {
			isa = XCConfigurationList;
			buildConfigurations = (
				2DDAC61B1B0CA7A700F220F1 /* Debug */,
				2DDAC61C1B0CA7A700F220F1 /* Release */,
			);
			defaultConfigurationIsVisible = 0;
			defaultConfigurationName = Release;
		};
/* End XCConfigurationList section */

/* Begin XCVersionGroup section */
		2D1A711A1B0FDCE400DBEA88 /* DataModel.xcdatamodeld */ = {
			isa = XCVersionGroup;
			children = (
				2D1A711B1B0FDCE400DBEA88 /* DataModel.xcdatamodel */,
			);
			currentVersion = 2D1A711B1B0FDCE400DBEA88 /* DataModel.xcdatamodel */;
			path = DataModel.xcdatamodeld;
			sourceTree = "<group>";
			versionGroupType = wrapper.xcdatamodel;
		};
/* End XCVersionGroup section */
	};
	rootObject = 2DDAC5E91B0CA7A700F220F1 /* Project object */;
}
